
Microsoft Visual Studio Solution File, Format Version 12.00
# Visual Studio 14
VisualStudioVersion = 14.0.25420.1
MinimumVisualStudioVersion = 10.0.40219.1
Project("{2150E333-8FDC-42A3-9474-1A3956D46DE8}") = "Core", "Core", "{58853357-EE68-4FF6-93C3-9C7A639D762F}"
EndProject
Project("{8BB2217D-0F2D-49D1-97BC-3654ED321F3B}") = "OnionArchitecture.Core.Domain", "src\OnionArchitecture.Core.Domain\OnionArchitecture.Core.Domain.xproj", "{3AA97BD8-9EA7-450E-91E8-AE8E80BADFFF}"
EndProject
Project("{8BB2217D-0F2D-49D1-97BC-3654ED321F3B}") = "OnionArchitecture.Core.DomainService", "src\OnionArchitecture.Core.DomainService\OnionArchitecture.Core.DomainService.xproj", "{23EFE073-53A9-403F-B390-21A0A8E6C7F8}"
EndProject
Project("{8BB2217D-0F2D-49D1-97BC-3654ED321F3B}") = "OnionArchitecture.Core.ApplicationService", "src\OnionArchitecture.Core.ApplicationService\OnionArchitecture.Core.ApplicationService.xproj", "{61DDEBF9-242C-4F96-9979-516824EF7F1F}"
EndProject
Project("{2150E333-8FDC-42A3-9474-1A3956D46DE8}") = "Infrastructure", "Infrastructure", "{4CF8ADC5-7BB5-4BE2-9674-265751B0854E}"
EndProject
Project("{8BB2217D-0F2D-49D1-97BC-3654ED321F3B}") = "OnionArchitecture.Infrastructure.Service", "src\OnionArchitecture.Infrastructure.Service\OnionArchitecture.Infrastructure.Service.xproj", "{079E0978-EF5F-430F-8F4D-DF40B960A6E2}"
EndProject
Project("{2150E333-8FDC-42A3-9474-1A3956D46DE8}") = "Solution Items", "Solution Items", "{D76B75CC-DF6E-4EB5-9D5C-D501209BDFE1}"
	ProjectSection(SolutionItems) = preProject
		global.json = global.json
	EndProjectSection
EndProject
Project("{8BB2217D-0F2D-49D1-97BC-3654ED321F3B}") = "OnionArchitecture.Infrastructure.Data", "src\OnionArchitecture.Infrastructure.Data\OnionArchitecture.Infrastructure.Data.xproj", "{C123628E-BBB6-4874-B90A-84D02D7F50A6}"
EndProject
Project("{8BB2217D-0F2D-49D1-97BC-3654ED321F3B}") = "OnionArchitecture.Infrastructure.Logging", "src\OnionArchitecture.Infrastructure.Logging\OnionArchitecture.Infrastructure.Logging.xproj", "{A1C8514B-1D2D-4CFD-86B8-A13AA0C2BD14}"
EndProject
Project("{2150E333-8FDC-42A3-9474-1A3956D46DE8}") = "DependencyResolution", "DependencyResolution", "{9A72B770-9C87-4AFA-A434-24AC38CD6ABE}"
EndProject
Project("{8BB2217D-0F2D-49D1-97BC-3654ED321F3B}") = "OnionArchitecture.DependencyResolution", "src\OnionArchitecture.DependencyResolution\OnionArchitecture.DependencyResolution.xproj", "{F4235EBA-09CF-4328-8880-0D0E0D6F4E5E}"
EndProject
Project("{2150E333-8FDC-42A3-9474-1A3956D46DE8}") = "Test", "Test", "{2949E672-3B49-4186-A3C6-BE4E5D60F08F}"
EndProject
Project("{8BB2217D-0F2D-49D1-97BC-3654ED321F3B}") = "OnionArchitecture.Infrastructure.Tests", "test\OnionArchitecture.Core.Tests\OnionArchitecture.Infrastructure.Tests.xproj", "{A6F70725-F317-42B4-A613-D18422A30074}"
EndProject
Global
	GlobalSection(SolutionConfigurationPlatforms) = preSolution
		Debug|Any CPU = Debug|Any CPU
		Release|Any CPU = Release|Any CPU
	EndGlobalSection
	GlobalSection(ProjectConfigurationPlatforms) = postSolution
		{3AA97BD8-9EA7-450E-91E8-AE8E80BADFFF}.Debug|Any CPU.ActiveCfg = Debug|Any CPU
		{3AA97BD8-9EA7-450E-91E8-AE8E80BADFFF}.Debug|Any CPU.Build.0 = Debug|Any CPU
		{3AA97BD8-9EA7-450E-91E8-AE8E80BADFFF}.Release|Any CPU.ActiveCfg = Release|Any CPU
		{3AA97BD8-9EA7-450E-91E8-AE8E80BADFFF}.Release|Any CPU.Build.0 = Release|Any CPU
		{23EFE073-53A9-403F-B390-21A0A8E6C7F8}.Debug|Any CPU.ActiveCfg = Debug|Any CPU
		{23EFE073-53A9-403F-B390-21A0A8E6C7F8}.Debug|Any CPU.Build.0 = Debug|Any CPU
		{23EFE073-53A9-403F-B390-21A0A8E6C7F8}.Release|Any CPU.ActiveCfg = Release|Any CPU
		{23EFE073-53A9-403F-B390-21A0A8E6C7F8}.Release|Any CPU.Build.0 = Release|Any CPU
		{61DDEBF9-242C-4F96-9979-516824EF7F1F}.Debug|Any CPU.ActiveCfg = Debug|Any CPU
		{61DDEBF9-242C-4F96-9979-516824EF7F1F}.Debug|Any CPU.Build.0 = Debug|Any CPU
		{61DDEBF9-242C-4F96-9979-516824EF7F1F}.Release|Any CPU.ActiveCfg = Release|Any CPU
		{61DDEBF9-242C-4F96-9979-516824EF7F1F}.Release|Any CPU.Build.0 = Release|Any CPU
		{079E0978-EF5F-430F-8F4D-DF40B960A6E2}.Debug|Any CPU.ActiveCfg = Debug|Any CPU
		{079E0978-EF5F-430F-8F4D-DF40B960A6E2}.Debug|Any CPU.Build.0 = Debug|Any CPU
		{079E0978-EF5F-430F-8F4D-DF40B960A6E2}.Release|Any CPU.ActiveCfg = Release|Any CPU
		{079E0978-EF5F-430F-8F4D-DF40B960A6E2}.Release|Any CPU.Build.0 = Release|Any CPU
		{C123628E-BBB6-4874-B90A-84D02D7F50A6}.Debug|Any CPU.ActiveCfg = Debug|Any CPU
		{C123628E-BBB6-4874-B90A-84D02D7F50A6}.Debug|Any CPU.Build.0 = Debug|Any CPU
		{C123628E-BBB6-4874-B90A-84D02D7F50A6}.Release|Any CPU.ActiveCfg = Release|Any CPU
		{C123628E-BBB6-4874-B90A-84D02D7F50A6}.Release|Any CPU.Build.0 = Release|Any CPU
		{A1C8514B-1D2D-4CFD-86B8-A13AA0C2BD14}.Debug|Any CPU.ActiveCfg = Debug|Any CPU
		{A1C8514B-1D2D-4CFD-86B8-A13AA0C2BD14}.Debug|Any CPU.Build.0 = Debug|Any CPU
		{A1C8514B-1D2D-4CFD-86B8-A13AA0C2BD14}.Release|Any CPU.ActiveCfg = Release|Any CPU
		{A1C8514B-1D2D-4CFD-86B8-A13AA0C2BD14}.Release|Any CPU.Build.0 = Release|Any CPU
		{F4235EBA-09CF-4328-8880-0D0E0D6F4E5E}.Debug|Any CPU.ActiveCfg = Debug|Any CPU
		{F4235EBA-09CF-4328-8880-0D0E0D6F4E5E}.Debug|Any CPU.Build.0 = Debug|Any CPU
		{F4235EBA-09CF-4328-8880-0D0E0D6F4E5E}.Release|Any CPU.ActiveCfg = Release|Any CPU
		{F4235EBA-09CF-4328-8880-0D0E0D6F4E5E}.Release|Any CPU.Build.0 = Release|Any CPU
		{A6F70725-F317-42B4-A613-D18422A30074}.Debug|Any CPU.ActiveCfg = Debug|Any CPU
		{A6F70725-F317-42B4-A613-D18422A30074}.Debug|Any CPU.Build.0 = Debug|Any CPU
		{A6F70725-F317-42B4-A613-D18422A30074}.Release|Any CPU.ActiveCfg = Release|Any CPU
		{A6F70725-F317-42B4-A613-D18422A30074}.Release|Any CPU.Build.0 = Release|Any CPU
	EndGlobalSection
	GlobalSection(SolutionProperties) = preSolution
		HideSolutionNode = FALSE
	EndGlobalSection
	GlobalSection(NestedProjects) = preSolution
		{3AA97BD8-9EA7-450E-91E8-AE8E80BADFFF} = {58853357-EE68-4FF6-93C3-9C7A639D762F}
		{23EFE073-53A9-403F-B390-21A0A8E6C7F8} = {58853357-EE68-4FF6-93C3-9C7A639D762F}
		{61DDEBF9-242C-4F96-9979-516824EF7F1F} = {58853357-EE68-4FF6-93C3-9C7A639D762F}
		{079E0978-EF5F-430F-8F4D-DF40B960A6E2} = {4CF8ADC5-7BB5-4BE2-9674-265751B0854E}
		{C123628E-BBB6-4874-B90A-84D02D7F50A6} = {4CF8ADC5-7BB5-4BE2-9674-265751B0854E}
		{A1C8514B-1D2D-4CFD-86B8-A13AA0C2BD14} = {4CF8ADC5-7BB5-4BE2-9674-265751B0854E}
		{F4235EBA-09CF-4328-8880-0D0E0D6F4E5E} = {9A72B770-9C87-4AFA-A434-24AC38CD6ABE}
		{A6F70725-F317-42B4-A613-D18422A30074} = {2949E672-3B49-4186-A3C6-BE4E5D60F08F}
	EndGlobalSection
EndGlobal
