
Microsoft Visual Studio Solution File, Format Version 12.00
# Visual Studio 15
VisualStudioVersion = 15.0.26228.4
MinimumVisualStudioVersion = 10.0.40219.1
Project("{2150E333-8FDC-42A3-9474-1A3956D46DE8}") = "Core", "Core", "{410D3137-F244-44E8-9452-D447542F6DAF}"
EndProject
Project("{2150E333-8FDC-42A3-9474-1A3956D46DE8}") = "Infrastructure", "Infrastructure", "{A8DF6B20-BE35-44C1-801A-3A48C1697B80}"
EndProject
Project("{2150E333-8FDC-42A3-9474-1A3956D46DE8}") = "Client", "Client", "{B879404B-FD26-440A-9D50-7D079131A69E}"
EndProject
Project("{2150E333-8FDC-42A3-9474-1A3956D46DE8}") = "DependencyResolution", "DependencyResolution", "{8E53892A-FD68-4BF0-BB00-83342BDF794D}"
EndProject
Project("{FAE04EC0-301F-11D3-BF4B-00C04F79EFBC}") = "Domain", "src\Core\Domain\Domain.csproj", "{1E4655FD-699E-475E-9479-236835E120CF}"
EndProject
Project("{FAE04EC0-301F-11D3-BF4B-00C04F79EFBC}") = "DomainService", "src\Core\DomainService\DomainService.csproj", "{6F61E42D-951A-44DE-B58D-05773162307E}"
EndProject
Project("{FAE04EC0-301F-11D3-BF4B-00C04F79EFBC}") = "ApplicationService", "src\Core\ApplicationService\ApplicationService.csproj", "{B6D635D7-2631-4B63-BF3F-40A8C5DEF3F2}"
EndProject
Project("{FAE04EC0-301F-11D3-BF4B-00C04F79EFBC}") = "Persistence", "src\Infrastructure\Persistence\Persistence.csproj", "{84657C0C-0A40-49E4-A1B3-F6C6E856866F}"
EndProject
Project("{FAE04EC0-301F-11D3-BF4B-00C04F79EFBC}") = "Logging", "src\Infrastructure\Logging\Logging.csproj", "{2A4C5E31-7CCB-49B6-B18C-2B6A1013BB15}"
EndProject
Project("{FAE04EC0-301F-11D3-BF4B-00C04F79EFBC}") = "Service", "src\Infrastructure\Service\Service.csproj", "{89D9C3B7-62C5-4172-82FE-C8D441AC1AED}"
EndProject
Project("{FAE04EC0-301F-11D3-BF4B-00C04F79EFBC}") = "Web", "src\UI\Web\Web.csproj", "{6740AE9D-637A-459C-8C10-588A555411F4}"
EndProject
Project("{FAE04EC0-301F-11D3-BF4B-00C04F79EFBC}") = "Bootstrapper", "src\DependencyResolution\Bootstrapper\Bootstrapper.csproj", "{D6A2BDE9-58F4-4A27-B0EC-B771EB7E4B25}"
EndProject
Global
	GlobalSection(SolutionConfigurationPlatforms) = preSolution
		Debug|Any CPU = Debug|Any CPU
		Release|Any CPU = Release|Any CPU
	EndGlobalSection
	GlobalSection(ProjectConfigurationPlatforms) = postSolution
		{1E4655FD-699E-475E-9479-236835E120CF}.Debug|Any CPU.ActiveCfg = Debug|Any CPU
		{1E4655FD-699E-475E-9479-236835E120CF}.Debug|Any CPU.Build.0 = Debug|Any CPU
		{1E4655FD-699E-475E-9479-236835E120CF}.Release|Any CPU.ActiveCfg = Release|Any CPU
		{1E4655FD-699E-475E-9479-236835E120CF}.Release|Any CPU.Build.0 = Release|Any CPU
		{6F61E42D-951A-44DE-B58D-05773162307E}.Debug|Any CPU.ActiveCfg = Debug|Any CPU
		{6F61E42D-951A-44DE-B58D-05773162307E}.Debug|Any CPU.Build.0 = Debug|Any CPU
		{6F61E42D-951A-44DE-B58D-05773162307E}.Release|Any CPU.ActiveCfg = Release|Any CPU
		{6F61E42D-951A-44DE-B58D-05773162307E}.Release|Any CPU.Build.0 = Release|Any CPU
		{B6D635D7-2631-4B63-BF3F-40A8C5DEF3F2}.Debug|Any CPU.ActiveCfg = Debug|Any CPU
		{B6D635D7-2631-4B63-BF3F-40A8C5DEF3F2}.Debug|Any CPU.Build.0 = Debug|Any CPU
		{B6D635D7-2631-4B63-BF3F-40A8C5DEF3F2}.Release|Any CPU.ActiveCfg = Release|Any CPU
		{B6D635D7-2631-4B63-BF3F-40A8C5DEF3F2}.Release|Any CPU.Build.0 = Release|Any CPU
		{84657C0C-0A40-49E4-A1B3-F6C6E856866F}.Debug|Any CPU.ActiveCfg = Debug|Any CPU
		{84657C0C-0A40-49E4-A1B3-F6C6E856866F}.Debug|Any CPU.Build.0 = Debug|Any CPU
		{84657C0C-0A40-49E4-A1B3-F6C6E856866F}.Release|Any CPU.ActiveCfg = Release|Any CPU
		{84657C0C-0A40-49E4-A1B3-F6C6E856866F}.Release|Any CPU.Build.0 = Release|Any CPU
		{2A4C5E31-7CCB-49B6-B18C-2B6A1013BB15}.Debug|Any CPU.ActiveCfg = Debug|Any CPU
		{2A4C5E31-7CCB-49B6-B18C-2B6A1013BB15}.Debug|Any CPU.Build.0 = Debug|Any CPU
		{2A4C5E31-7CCB-49B6-B18C-2B6A1013BB15}.Release|Any CPU.ActiveCfg = Release|Any CPU
		{2A4C5E31-7CCB-49B6-B18C-2B6A1013BB15}.Release|Any CPU.Build.0 = Release|Any CPU
		{89D9C3B7-62C5-4172-82FE-C8D441AC1AED}.Debug|Any CPU.ActiveCfg = Debug|Any CPU
		{89D9C3B7-62C5-4172-82FE-C8D441AC1AED}.Debug|Any CPU.Build.0 = Debug|Any CPU
		{89D9C3B7-62C5-4172-82FE-C8D441AC1AED}.Release|Any CPU.ActiveCfg = Release|Any CPU
		{89D9C3B7-62C5-4172-82FE-C8D441AC1AED}.Release|Any CPU.Build.0 = Release|Any CPU
		{6740AE9D-637A-459C-8C10-588A555411F4}.Debug|Any CPU.ActiveCfg = Debug|Any CPU
		{6740AE9D-637A-459C-8C10-588A555411F4}.Debug|Any CPU.Build.0 = Debug|Any CPU
		{6740AE9D-637A-459C-8C10-588A555411F4}.Release|Any CPU.ActiveCfg = Release|Any CPU
		{6740AE9D-637A-459C-8C10-588A555411F4}.Release|Any CPU.Build.0 = Release|Any CPU
		{D6A2BDE9-58F4-4A27-B0EC-B771EB7E4B25}.Debug|Any CPU.ActiveCfg = Debug|Any CPU
		{D6A2BDE9-58F4-4A27-B0EC-B771EB7E4B25}.Debug|Any CPU.Build.0 = Debug|Any CPU
		{D6A2BDE9-58F4-4A27-B0EC-B771EB7E4B25}.Release|Any CPU.ActiveCfg = Release|Any CPU
		{D6A2BDE9-58F4-4A27-B0EC-B771EB7E4B25}.Release|Any CPU.Build.0 = Release|Any CPU
	EndGlobalSection
	GlobalSection(SolutionProperties) = preSolution
		HideSolutionNode = FALSE
	EndGlobalSection
	GlobalSection(NestedProjects) = preSolution
		{1E4655FD-699E-475E-9479-236835E120CF} = {410D3137-F244-44E8-9452-D447542F6DAF}
		{6F61E42D-951A-44DE-B58D-05773162307E} = {410D3137-F244-44E8-9452-D447542F6DAF}
		{B6D635D7-2631-4B63-BF3F-40A8C5DEF3F2} = {410D3137-F244-44E8-9452-D447542F6DAF}
		{84657C0C-0A40-49E4-A1B3-F6C6E856866F} = {A8DF6B20-BE35-44C1-801A-3A48C1697B80}
		{2A4C5E31-7CCB-49B6-B18C-2B6A1013BB15} = {A8DF6B20-BE35-44C1-801A-3A48C1697B80}
		{89D9C3B7-62C5-4172-82FE-C8D441AC1AED} = {A8DF6B20-BE35-44C1-801A-3A48C1697B80}
		{6740AE9D-637A-459C-8C10-588A555411F4} = {B879404B-FD26-440A-9D50-7D079131A69E}
		{D6A2BDE9-58F4-4A27-B0EC-B771EB7E4B25} = {8E53892A-FD68-4BF0-BB00-83342BDF794D}
	EndGlobalSection
EndGlobal
